
Microsoft Visual Studio Solution File, Format Version 12.00
# Visual Studio Version 16
VisualStudioVersion = 16.0.30523.141
MinimumVisualStudioVersion = 10.0.40219.1
Project("{9A19103F-16F7-4668-BE54-9A1E7A4F7556}") = "Oubliette.Characters.WebApi", "Oubliette.Characters.WebApi\Oubliette.Characters.WebApi.csproj", "{359080D6-82CD-4727-9841-13A08DF99C1E}"
EndProject
Project("{FAE04EC0-301F-11D3-BF4B-00C04F79EFBC}") = "Oubliette.Characters.Domain", "Oubliette.Characters.Domain\Oubliette.Characters.Domain.csproj", "{800F62F2-3234-4146-AAB9-0D56D5360F6F}"
EndProject
Project("{FAE04EC0-301F-11D3-BF4B-00C04F79EFBC}") = "Oubliette.Characters.Shared", "Oubliette.Characters.Shared\Oubliette.Characters.Shared.csproj", "{34B38150-4425-47E8-869B-07DE751F9F52}"
EndProject
Global
	GlobalSection(SolutionConfigurationPlatforms) = preSolution
		Debug|Any CPU = Debug|Any CPU
		Release|Any CPU = Release|Any CPU
	EndGlobalSection
	GlobalSection(ProjectConfigurationPlatforms) = postSolution
		{359080D6-82CD-4727-9841-13A08DF99C1E}.Debug|Any CPU.ActiveCfg = Debug|Any CPU
		{359080D6-82CD-4727-9841-13A08DF99C1E}.Debug|Any CPU.Build.0 = Debug|Any CPU
		{359080D6-82CD-4727-9841-13A08DF99C1E}.Release|Any CPU.ActiveCfg = Release|Any CPU
		{359080D6-82CD-4727-9841-13A08DF99C1E}.Release|Any CPU.Build.0 = Release|Any CPU
		{800F62F2-3234-4146-AAB9-0D56D5360F6F}.Debug|Any CPU.ActiveCfg = Debug|Any CPU
		{800F62F2-3234-4146-AAB9-0D56D5360F6F}.Debug|Any CPU.Build.0 = Debug|Any CPU
		{800F62F2-3234-4146-AAB9-0D56D5360F6F}.Release|Any CPU.ActiveCfg = Release|Any CPU
		{800F62F2-3234-4146-AAB9-0D56D5360F6F}.Release|Any CPU.Build.0 = Release|Any CPU
		{34B38150-4425-47E8-869B-07DE751F9F52}.Debug|Any CPU.ActiveCfg = Debug|Any CPU
		{34B38150-4425-47E8-869B-07DE751F9F52}.Debug|Any CPU.Build.0 = Debug|Any CPU
		{34B38150-4425-47E8-869B-07DE751F9F52}.Release|Any CPU.ActiveCfg = Release|Any CPU
		{34B38150-4425-47E8-869B-07DE751F9F52}.Release|Any CPU.Build.0 = Release|Any CPU
	EndGlobalSection
	GlobalSection(SolutionProperties) = preSolution
		HideSolutionNode = FALSE
	EndGlobalSection
	GlobalSection(ExtensibilityGlobals) = postSolution
		SolutionGuid = {BD6544EF-905F-4D25-8EAE-1B81A2E13C0D}
	EndGlobalSection
EndGlobal
